
Microsoft Visual Studio Solution File, Format Version 12.00
# Visual Studio Version 16
VisualStudioVersion = 16.0.31005.135
MinimumVisualStudioVersion = 10.0.40219.1
Project("{2150E333-8FDC-42A3-9474-1A3956D46DE8}") = "src", "src", "{99BA18B2-CFD2-4B4C-ABD7-FF6C22F50625}"
EndProject
Project("{9A19103F-16F7-4668-BE54-9A1E7A4F7556}") = "Malcaba.MovieCollector.Data", "Malcaba.MovieCollector.Data\Malcaba.MovieCollector.Data.csproj", "{596F1659-6D15-4666-BA94-EA3C426B6B00}"
EndProject
Project("{9A19103F-16F7-4668-BE54-9A1E7A4F7556}") = "Malcaba.MovieCollector.App", "Malcaba.MovieCollector.App\Malcaba.MovieCollector.App.csproj", "{DD00B8BD-EFDA-49CF-9314-E76AB5C85E05}"
EndProject
Project("{FAE04EC0-301F-11D3-BF4B-00C04F79EFBC}") = "Malcaba.MovieCollector.Tests", "Malcaba.MovieCollector.Tests\Malcaba.MovieCollector.Tests.csproj", "{9C657CDD-CE79-47EC-AB65-91445678E530}"
EndProject
Global
	GlobalSection(SolutionConfigurationPlatforms) = preSolution
		Debug|Any CPU = Debug|Any CPU
		Release|Any CPU = Release|Any CPU
	EndGlobalSection
	GlobalSection(ProjectConfigurationPlatforms) = postSolution
		{596F1659-6D15-4666-BA94-EA3C426B6B00}.Debug|Any CPU.ActiveCfg = Debug|Any CPU
		{596F1659-6D15-4666-BA94-EA3C426B6B00}.Debug|Any CPU.Build.0 = Debug|Any CPU
		{596F1659-6D15-4666-BA94-EA3C426B6B00}.Release|Any CPU.ActiveCfg = Release|Any CPU
		{596F1659-6D15-4666-BA94-EA3C426B6B00}.Release|Any CPU.Build.0 = Release|Any CPU
		{DD00B8BD-EFDA-49CF-9314-E76AB5C85E05}.Debug|Any CPU.ActiveCfg = Debug|Any CPU
		{DD00B8BD-EFDA-49CF-9314-E76AB5C85E05}.Debug|Any CPU.Build.0 = Debug|Any CPU
		{DD00B8BD-EFDA-49CF-9314-E76AB5C85E05}.Release|Any CPU.ActiveCfg = Release|Any CPU
		{DD00B8BD-EFDA-49CF-9314-E76AB5C85E05}.Release|Any CPU.Build.0 = Release|Any CPU
		{9C657CDD-CE79-47EC-AB65-91445678E530}.Debug|Any CPU.ActiveCfg = Debug|Any CPU
		{9C657CDD-CE79-47EC-AB65-91445678E530}.Debug|Any CPU.Build.0 = Debug|Any CPU
		{9C657CDD-CE79-47EC-AB65-91445678E530}.Release|Any CPU.ActiveCfg = Release|Any CPU
		{9C657CDD-CE79-47EC-AB65-91445678E530}.Release|Any CPU.Build.0 = Release|Any CPU
	EndGlobalSection
	GlobalSection(SolutionProperties) = preSolution
		HideSolutionNode = FALSE
	EndGlobalSection
	GlobalSection(NestedProjects) = preSolution
		{596F1659-6D15-4666-BA94-EA3C426B6B00} = {99BA18B2-CFD2-4B4C-ABD7-FF6C22F50625}
		{DD00B8BD-EFDA-49CF-9314-E76AB5C85E05} = {99BA18B2-CFD2-4B4C-ABD7-FF6C22F50625}
		{9C657CDD-CE79-47EC-AB65-91445678E530} = {99BA18B2-CFD2-4B4C-ABD7-FF6C22F50625}
	EndGlobalSection
	GlobalSection(ExtensibilityGlobals) = postSolution
		SolutionGuid = {619EBD5F-8629-49CB-866B-6498602ADF07}
	EndGlobalSection
EndGlobal
